
Microsoft Visual Studio Solution File, Format Version 12.00
# Visual Studio Version 16
VisualStudioVersion = 16.0.33214.272
MinimumVisualStudioVersion = 10.0.40219.1
Project("{FAE04EC0-301F-11D3-BF4B-00C04F79EFBC}") = "AntySuicidalZombies", "AntySuicidalZombies\AntySuicidalZombies.csproj", "{05E38196-5903-4BE8-A22D-EADE2CADF306}"
EndProject
Global
	GlobalSection(SolutionConfigurationPlatforms) = preSolution
		Debug|Any CPU = Debug|Any CPU
		Release|Any CPU = Release|Any CPU
	EndGlobalSection
	GlobalSection(ProjectConfigurationPlatforms) = postSolution
		{05E38196-5903-4BE8-A22D-EADE2CADF306}.Debug|Any CPU.ActiveCfg = Debug|Any CPU
		{05E38196-5903-4BE8-A22D-EADE2CADF306}.Debug|Any CPU.Build.0 = Debug|Any CPU
		{05E38196-5903-4BE8-A22D-EADE2CADF306}.Release|Any CPU.ActiveCfg = Release|Any CPU
		{05E38196-5903-4BE8-A22D-EADE2CADF306}.Release|Any CPU.Build.0 = Release|Any CPU
	EndGlobalSection
	GlobalSection(SolutionProperties) = preSolution
		HideSolutionNode = FALSE
	EndGlobalSection
	GlobalSection(ExtensibilityGlobals) = postSolution
		SolutionGuid = {CD763A2A-4FCC-479C-B7F2-FA333BD0C47E}
	EndGlobalSection
EndGlobal
